// !$*UTF8*$!
{
	archiveVersion = 1;
	classes = {
	};
	objectVersion = 46;
	objects = {

/* Begin PBXBuildFile section */
		EAFFB4B51A7798BD00DAA2DA /* AppDelegate.swift in Sources */ = {isa = PBXBuildFile; fileRef = EAFFB4B41A7798BD00DAA2DA /* AppDelegate.swift */; };
		EAFFB4B71A7798BD00DAA2DA /* ViewController.swift in Sources */ = {isa = PBXBuildFile; fileRef = EAFFB4B61A7798BD00DAA2DA /* ViewController.swift */; };
		EAFFB4BA1A7798BD00DAA2DA /* Main.storyboard in Resources */ = {isa = PBXBuildFile; fileRef = EAFFB4B81A7798BD00DAA2DA /* Main.storyboard */; };
		EAFFB4BC1A7798BD00DAA2DA /* Images.xcassets in Resources */ = {isa = PBXBuildFile; fileRef = EAFFB4BB1A7798BD00DAA2DA /* Images.xcassets */; };
		EAFFB4BF1A7798BD00DAA2DA /* LaunchScreen.xib in Resources */ = {isa = PBXBuildFile; fileRef = EAFFB4BD1A7798BD00DAA2DA /* LaunchScreen.xib */; };
		EAFFB4CB1A7798BE00DAA2DA /* SnowTests.swift in Sources */ = {isa = PBXBuildFile; fileRef = EAFFB4CA1A7798BE00DAA2DA /* SnowTests.swift */; };
/* End PBXBuildFile section */

/* Begin PBXContainerItemProxy section */
		EAFFB4C51A7798BE00DAA2DA /* PBXContainerItemProxy */ = {
			isa = PBXContainerItemProxy;
			containerPortal = EAFFB4A71A7798BD00DAA2DA /* Project object */;
			proxyType = 1;
			remoteGlobalIDString = EAFFB4AE1A7798BD00DAA2DA;
			remoteInfo = Snow;
		};
/* End PBXContainerItemProxy section */

/* Begin PBXFileReference section */
		EAFFB4AF1A7798BD00DAA2DA /* Snow.app */ = {isa = PBXFileReference; explicitFileType = wrapper.application; includeInIndex = 0; path = Snow.app; sourceTree = BUILT_PRODUCTS_DIR; };
		EAFFB4B31A7798BD00DAA2DA /* Info.plist */ = {isa = PBXFileReference; lastKnownFileType = text.plist.xml; path = Info.plist; sourceTree = "<group>"; };
		EAFFB4B41A7798BD00DAA2DA /* AppDelegate.swift */ = {isa = PBXFileReference; lastKnownFileType = sourcecode.swift; path = AppDelegate.swift; sourceTree = "<group>"; };
		EAFFB4B61A7798BD00DAA2DA /* ViewController.swift */ = {isa = PBXFileReference; lastKnownFileType = sourcecode.swift; path = ViewController.swift; sourceTree = "<group>"; };
		EAFFB4B91A7798BD00DAA2DA /* Base */ = {isa = PBXFileReference; lastKnownFileType = file.storyboard; name = Base; path = Base.lproj/Main.storyboard; sourceTree = "<group>"; };
		EAFFB4BB1A7798BD00DAA2DA /* Images.xcassets */ = {isa = PBXFileReference; lastKnownFileType = folder.assetcatalog; path = Images.xcassets; sourceTree = "<group>"; };
		EAFFB4BE1A7798BD00DAA2DA /* Base */ = {isa = PBXFileReference; lastKnownFileType = file.xib; name = Base; path = Base.lproj/LaunchScreen.xib; sourceTree = "<group>"; };
		EAFFB4C41A7798BE00DAA2DA /* SnowTests.xctest */ = {isa = PBXFileReference; explicitFileType = wrapper.cfbundle; includeInIndex = 0; path = SnowTests.xctest; sourceTree = BUILT_PRODUCTS_DIR; };
		EAFFB4C91A7798BE00DAA2DA /* Info.plist */ = {isa = PBXFileReference; lastKnownFileType = text.plist.xml; path = Info.plist; sourceTree = "<group>"; };
		EAFFB4CA1A7798BE00DAA2DA /* SnowTests.swift */ = {isa = PBXFileReference; lastKnownFileType = sourcecode.swift; path = SnowTests.swift; sourceTree = "<group>"; };
/* End PBXFileReference section */

/* Begin PBXFrameworksBuildPhase section */
		EAFFB4AC1A7798BD00DAA2DA /* Frameworks */ = {
			isa = PBXFrameworksBuildPhase;
			buildActionMask = 2147483647;
			files = (
			);
			runOnlyForDeploymentPostprocessing = 0;
		};
		EAFFB4C11A7798BE00DAA2DA /* Frameworks */ = {
			isa = PBXFrameworksBuildPhase;
			buildActionMask = 2147483647;
			files = (
			);
			runOnlyForDeploymentPostprocessing = 0;
		};
/* End PBXFrameworksBuildPhase section */

/* Begin PBXGroup section */
		EAFFB4A61A7798BD00DAA2DA = {
			isa = PBXGroup;
			children = (
				EAFFB4B11A7798BD00DAA2DA /* Snow */,
				EAFFB4C71A7798BE00DAA2DA /* SnowTests */,
				EAFFB4B01A7798BD00DAA2DA /* Products */,
			);
			sourceTree = "<group>";
		};
		EAFFB4B01A7798BD00DAA2DA /* Products */ = {
			isa = PBXGroup;
			children = (
				EAFFB4AF1A7798BD00DAA2DA /* Snow.app */,
				EAFFB4C41A7798BE00DAA2DA /* SnowTests.xctest */,
			);
			name = Products;
			sourceTree = "<group>";
		};
		EAFFB4B11A7798BD00DAA2DA /* Snow */ = {
			isa = PBXGroup;
			children = (
				EAFFB4B41A7798BD00DAA2DA /* AppDelegate.swift */,
				EAFFB4B61A7798BD00DAA2DA /* ViewController.swift */,
				EAFFB4B81A7798BD00DAA2DA /* Main.storyboard */,
				EAFFB4BB1A7798BD00DAA2DA /* Images.xcassets */,
				EAFFB4BD1A7798BD00DAA2DA /* LaunchScreen.xib */,
				EAFFB4B21A7798BD00DAA2DA /* Supporting Files */,
			);
			path = Snow;
			sourceTree = "<group>";
		};
		EAFFB4B21A7798BD00DAA2DA /* Supporting Files */ = {
			isa = PBXGroup;
			children = (
				EAFFB4B31A7798BD00DAA2DA /* Info.plist */,
			);
			name = "Supporting Files";
			sourceTree = "<group>";
		};
		EAFFB4C71A7798BE00DAA2DA /* SnowTests */ = {
			isa = PBXGroup;
			children = (
				EAFFB4CA1A7798BE00DAA2DA /* SnowTests.swift */,
				EAFFB4C81A7798BE00DAA2DA /* Supporting Files */,
			);
			path = SnowTests;
			sourceTree = "<group>";
		};
		EAFFB4C81A7798BE00DAA2DA /* Supporting Files */ = {
			isa = PBXGroup;
			children = (
				EAFFB4C91A7798BE00DAA2DA /* Info.plist */,
			);
			name = "Supporting Files";
			sourceTree = "<group>";
		};
/* End PBXGroup section */

/* Begin PBXNativeTarget section */
		EAFFB4AE1A7798BD00DAA2DA /* Snow */ = {
			isa = PBXNativeTarget;
			buildConfigurationList = EAFFB4CE1A7798BE00DAA2DA /* Build configuration list for PBXNativeTarget "Snow" */;
			buildPhases = (
				EAFFB4AB1A7798BD00DAA2DA /* Sources */,
				EAFFB4AC1A7798BD00DAA2DA /* Frameworks */,
				EAFFB4AD1A7798BD00DAA2DA /* Resources */,
			);
			buildRules = (
			);
			dependencies = (
			);
			name = Snow;
			productName = Snow;
			productReference = EAFFB4AF1A7798BD00DAA2DA /* Snow.app */;
			productType = "com.apple.product-type.application";
		};
		EAFFB4C31A7798BE00DAA2DA /* SnowTests */ = {
			isa = PBXNativeTarget;
			buildConfigurationList = EAFFB4D11A7798BE00DAA2DA /* Build configuration list for PBXNativeTarget "SnowTests" */;
			buildPhases = (
				EAFFB4C01A7798BE00DAA2DA /* Sources */,
				EAFFB4C11A7798BE00DAA2DA /* Frameworks */,
				EAFFB4C21A7798BE00DAA2DA /* Resources */,
			);
			buildRules = (
			);
			dependencies = (
				EAFFB4C61A7798BE00DAA2DA /* PBXTargetDependency */,
			);
			name = SnowTests;
			productName = SnowTests;
			productReference = EAFFB4C41A7798BE00DAA2DA /* SnowTests.xctest */;
			productType = "com.apple.product-type.bundle.unit-test";
		};
/* End PBXNativeTarget section */

/* Begin PBXProject section */
		EAFFB4A71A7798BD00DAA2DA /* Project object */ = {
			isa = PBXProject;
			attributes = {
				LastUpgradeCheck = 0610;
				ORGANIZATIONNAME = Jesse;
				TargetAttributes = {
					EAFFB4AE1A7798BD00DAA2DA = {
						CreatedOnToolsVersion = 6.1.1;
					};
					EAFFB4C31A7798BE00DAA2DA = {
						CreatedOnToolsVersion = 6.1.1;
						TestTargetID = EAFFB4AE1A7798BD00DAA2DA;
					};
				};
			};
			buildConfigurationList = EAFFB4AA1A7798BD00DAA2DA /* Build configuration list for PBXProject "Snow" */;
			compatibilityVersion = "Xcode 3.2";
			developmentRegion = English;
			hasScannedForEncodings = 0;
			knownRegions = (
				en,
				Base,
			);
			mainGroup = EAFFB4A61A7798BD00DAA2DA;
			productRefGroup = EAFFB4B01A7798BD00DAA2DA /* Products */;
			projectDirPath = "";
			projectRoot = "";
			targets = (
				EAFFB4AE1A7798BD00DAA2DA /* Snow */,
				EAFFB4C31A7798BE00DAA2DA /* SnowTests */,
			);
		};
/* End PBXProject section */

/* Begin PBXResourcesBuildPhase section */
		EAFFB4AD1A7798BD00DAA2DA /* Resources */ = {
			isa = PBXResourcesBuildPhase;
			buildActionMask = 2147483647;
			files = (
				EAFFB4BA1A7798BD00DAA2DA /* Main.storyboard in Resources */,
				EAFFB4BF1A7798BD00DAA2DA /* LaunchScreen.xib in Resources */,
				EAFFB4BC1A7798BD00DAA2DA /* Images.xcassets in Resources */,
			);
			runOnlyForDeploymentPostprocessing = 0;
		};
		EAFFB4C21A7798BE00DAA2DA /* Resources */ = {
			isa = PBXResourcesBuildPhase;
			buildActionMask = 2147483647;
			files = (
			);
			runOnlyForDeploymentPostprocessing = 0;
		};
/* End PBXResourcesBuildPhase section */

/* Begin PBXSourcesBuildPhase section */
		EAFFB4AB1A7798BD00DAA2DA /* Sources */ = {
			isa = PBXSourcesBuildPhase;
			buildActionMask = 2147483647;
			files = (
				EAFFB4B71A7798BD00DAA2DA /* ViewController.swift in Sources */,
				EAFFB4B51A7798BD00DAA2DA /* AppDelegate.swift in Sources */,
			);
			runOnlyForDeploymentPostprocessing = 0;
		};
		EAFFB4C01A7798BE00DAA2DA /* Sources */ = {
			isa = PBXSourcesBuildPhase;
			buildActionMask = 2147483647;
			files = (
				EAFFB4CB1A7798BE00DAA2DA /* SnowTests.swift in Sources */,
			);
			runOnlyForDeploymentPostprocessing = 0;
		};
/* End PBXSourcesBuildPhase section */

/* Begin PBXTargetDependency section */
		EAFFB4C61A7798BE00DAA2DA /* PBXTargetDependency */ = {
			isa = PBXTargetDependency;
			target = EAFFB4AE1A7798BD00DAA2DA /* Snow */;
			targetProxy = EAFFB4C51A7798BE00DAA2DA /* PBXContainerItemProxy */;
		};
/* End PBXTargetDependency section */

/* Begin PBXVariantGroup section */
		EAFFB4B81A7798BD00DAA2DA /* Main.storyboard */ = {
			isa = PBXVariantGroup;
			children = (
				EAFFB4B91A7798BD00DAA2DA /* Base */,
			);
			name = Main.storyboard;
			sourceTree = "<group>";
		};
		EAFFB4BD1A7798BD00DAA2DA /* LaunchScreen.xib */ = {
			isa = PBXVariantGroup;
			children = (
				EAFFB4BE1A7798BD00DAA2DA /* Base */,
			);
			name = LaunchScreen.xib;
			sourceTree = "<group>";
		};
/* End PBXVariantGroup section */

/* Begin XCBuildConfiguration section */
		EAFFB4CC1A7798BE00DAA2DA /* Debug */ = {
			isa = XCBuildConfiguration;
			buildSettings = {
				ALWAYS_SEARCH_USER_PATHS = NO;
				CLANG_CXX_LANGUAGE_STANDARD = "gnu++0x";
				CLANG_CXX_LIBRARY = "libc++";
				CLANG_ENABLE_MODULES = YES;
				CLANG_ENABLE_OBJC_ARC = YES;
				CLANG_WARN_BOOL_CONVERSION = YES;
				CLANG_WARN_CONSTANT_CONVERSION = YES;
				CLANG_WARN_DIRECT_OBJC_ISA_USAGE = YES_ERROR;
				CLANG_WARN_EMPTY_BODY = YES;
				CLANG_WARN_ENUM_CONVERSION = YES;
				CLANG_WARN_INT_CONVERSION = YES;
				CLANG_WARN_OBJC_ROOT_CLASS = YES_ERROR;
				CLANG_WARN_UNREACHABLE_CODE = YES;
				CLANG_WARN__DUPLICATE_METHOD_MATCH = YES;
				"CODE_SIGN_IDENTITY[sdk=iphoneos*]" = "iPhone Developer";
				COPY_PHASE_STRIP = NO;
				ENABLE_STRICT_OBJC_MSGSEND = YES;
				GCC_C_LANGUAGE_STANDARD = gnu99;
				GCC_DYNAMIC_NO_PIC = NO;
				GCC_OPTIMIZATION_LEVEL = 0;
				GCC_PREPROCESSOR_DEFINITIONS = (
					"DEBUG=1",
					"$(inherited)",
				);
				GCC_SYMBOLS_PRIVATE_EXTERN = NO;
				GCC_WARN_64_TO_32_BIT_CONVERSION = YES;
				GCC_WARN_ABOUT_RETURN_TYPE = YES_ERROR;
				GCC_WARN_UNDECLARED_SELECTOR = YES;
				GCC_WARN_UNINITIALIZED_AUTOS = YES_AGGRESSIVE;
				GCC_WARN_UNUSED_FUNCTION = YES;
				GCC_WARN_UNUSED_VARIABLE = YES;
				IPHONEOS_DEPLOYMENT_TARGET = 8.1;
				MTL_ENABLE_DEBUG_INFO = YES;
				ONLY_ACTIVE_ARCH = YES;
				SDKROOT = iphoneos;
				SWIFT_OPTIMIZATION_LEVEL = "-Onone";
			};
			name = Debug;
		};
		EAFFB4CD1A7798BE00DAA2DA /* Release */ = {
			isa = XCBuildConfiguration;
			buildSettings = {
				ALWAYS_SEARCH_USER_PATHS = NO;
				CLANG_CXX_LANGUAGE_STANDARD = "gnu++0x";
				CLANG_CXX_LIBRARY = "libc++";
				CLANG_ENABLE_MODULES = YES;
				CLANG_ENABLE_OBJC_ARC = YES;
				CLANG_WARN_BOOL_CONVERSION = YES;
				CLANG_WARN_CONSTANT_CONVERSION = YES;
				CLANG_WARN_DIRECT_OBJC_ISA_USAGE = YES_ERROR;
				CLANG_WARN_EMPTY_BODY = YES;
				CLANG_WARN_ENUM_CONVERSION = YES;
				CLANG_WARN_INT_CONVERSION = YES;
				CLANG_WARN_OBJC_ROOT_CLASS = YES_ERROR;
				CLANG_WARN_UNREACHABLE_CODE = YES;
				CLANG_WARN__DUPLICATE_METHOD_MATCH = YES;
				"CODE_SIGN_IDENTITY[sdk=iphoneos*]" = "iPhone Developer";
				COPY_PHASE_STRIP = YES;
				ENABLE_NS_ASSERTIONS = NO;
				ENABLE_STRICT_OBJC_MSGSEND = YES;
				GCC_C_LANGUAGE_STANDARD = gnu99;
				GCC_WARN_64_TO_32_BIT_CONVERSION = YES;
				GCC_WARN_ABOUT_RETURN_TYPE = YES_ERROR;
				GCC_WARN_UNDECLARED_SELECTOR = YES;
				GCC_WARN_UNINITIALIZED_AUTOS = YES_AGGRESSIVE;
				GCC_WARN_UNUSED_FUNCTION = YES;
				GCC_WARN_UNUSED_VARIABLE = YES;
				IPHONEOS_DEPLOYMENT_TARGET = 8.1;
				MTL_ENABLE_DEBUG_INFO = NO;
				SDKROOT = iphoneos;
				VALIDATE_PRODUCT = YES;
			};
			name = Release;
		};
		EAFFB4CF1A7798BE00DAA2DA /* Debug */ = {
			isa = XCBuildConfiguration;
			buildSettings = {
				ASSETCATALOG_COMPILER_APPICON_NAME = AppIcon;
				INFOPLIST_FILE = Snow/Info.plist;
				LD_RUNPATH_SEARCH_PATHS = "$(inherited) @executable_path/Frameworks";
				PRODUCT_NAME = "$(TARGET_NAME)";
			};
			name = Debug;
		};
		EAFFB4D01A7798BE00DAA2DA /* Release */ = {
			isa = XCBuildConfiguration;
			buildSettings = {
				ASSETCATALOG_COMPILER_APPICON_NAME = AppIcon;
				INFOPLIST_FILE = Snow/Info.plist;
				LD_RUNPATH_SEARCH_PATHS = "$(inherited) @executable_path/Frameworks";
				PRODUCT_NAME = "$(TARGET_NAME)";
			};
			name = Release;
		};
		EAFFB4D21A7798BE00DAA2DA /* Debug */ = {
			isa = XCBuildConfiguration;
			buildSettings = {
				BUNDLE_LOADER = "$(TEST_HOST)";
				FRAMEWORK_SEARCH_PATHS = (
					"$(SDKROOT)/Developer/Library/Frameworks",
					"$(inherited)",
				);
				GCC_PREPROCESSOR_DEFINITIONS = (
					"DEBUG=1",
					"$(inherited)",
				);
				INFOPLIST_FILE = SnowTests/Info.plist;
				LD_RUNPATH_SEARCH_PATHS = "$(inherited) @executable_path/Frameworks @loader_path/Frameworks";
				PRODUCT_NAME = "$(TARGET_NAME)";
				TEST_HOST = "$(BUILT_PRODUCTS_DIR)/Snow.app/Snow";
			};
			name = Debug;
		};
		EAFFB4D31A7798BE00DAA2DA /* Release */ = {
			isa = XCBuildConfiguration;
			buildSettings = {
				BUNDLE_LOADER = "$(TEST_HOST)";
				FRAMEWORK_SEARCH_PATHS = (
					"$(SDKROOT)/Developer/Library/Frameworks",
					"$(inherited)",
				);
				INFOPLIST_FILE = SnowTests/Info.plist;
				LD_RUNPATH_SEARCH_PATHS = "$(inherited) @executable_path/Frameworks @loader_path/Frameworks";
				PRODUCT_NAME = "$(TARGET_NAME)";
				TEST_HOST = "$(BUILT_PRODUCTS_DIR)/Snow.app/Snow";
			};
			name = Release;
		};
/* End XCBuildConfiguration section */

/* Begin XCConfigurationList section */
		EAFFB4AA1A7798BD00DAA2DA /* Build configuration list for PBXProject "Snow" */ = {
			isa = XCConfigurationList;
			buildConfigurations = (
				EAFFB4CC1A7798BE00DAA2DA /* Debug */,
				EAFFB4CD1A7798BE00DAA2DA /* Release */,
			);
			defaultConfigurationIsVisible = 0;
			defaultConfigurationName = Release;
		};
		EAFFB4CE1A7798BE00DAA2DA /* Build configuration list for PBXNativeTarget "Snow" */ = {
			isa = XCConfigurationList;
			buildConfigurations = (
				EAFFB4CF1A7798BE00DAA2DA /* Debug */,
				EAFFB4D01A7798BE00DAA2DA /* Release */,
			);
			defaultConfigurationIsVisible = 0;
		};
		EAFFB4D11A7798BE00DAA2DA /* Build configuration list for PBXNativeTarget "SnowTests" */ = {
			isa = XCConfigurationList;
			buildConfigurations = (
				EAFFB4D21A7798BE00DAA2DA /* Debug */,
				EAFFB4D31A7798BE00DAA2DA /* Release */,
			);
			defaultConfigurationIsVisible = 0;
		};
/* End XCConfigurationList section */
	};
	rootObject = EAFFB4A71A7798BD00DAA2DA /* Project object */;
}
